// !$*UTF8*$!
{
	archiveVersion = 1;
	classes = {
	};
	objectVersion = 56;
	objects = {

/* Begin PBXBuildFile section */
		BE11768A29D594ED005BCA22 /* ProfileViewController.swift in Sources */ = {isa = PBXBuildFile; fileRef = BE11768929D594ED005BCA22 /* ProfileViewController.swift */; };
		BE17CB742A25FB0C006E50C3 /* ProfileTests.swift in Sources */ = {isa = PBXBuildFile; fileRef = BE17CB732A25FB0C006E50C3 /* ProfileTests.swift */; };
		BE17CB772A25FB58006E50C3 /* ProfilePresenter.swift in Sources */ = {isa = PBXBuildFile; fileRef = BE17CB762A25FB58006E50C3 /* ProfilePresenter.swift */; };
		BE332AB329F03CA3005C8D5E /* SplashViewController.swift in Sources */ = {isa = PBXBuildFile; fileRef = BE332AB229F03CA3005C8D5E /* SplashViewController.swift */; };
		BE3826672A02E03100F27437 /* ProfileImageService.swift in Sources */ = {isa = PBXBuildFile; fileRef = BE3826662A02E03100F27437 /* ProfileImageService.swift */; };
		BE3826692A02E0C800F27437 /* ProfileStructures.swift in Sources */ = {isa = PBXBuildFile; fileRef = BE3826682A02E0C800F27437 /* ProfileStructures.swift */; };
		BE3B4EF929E857C30068897B /* AuthConfiguration.swift in Sources */ = {isa = PBXBuildFile; fileRef = BE3B4EF829E857C30068897B /* AuthConfiguration.swift */; };
		BE46CEA329C4A6CE00960344 /* ImagesListCell.swift in Sources */ = {isa = PBXBuildFile; fileRef = BE46CEA229C4A6CE00960344 /* ImagesListCell.swift */; };
		BE73A9EB29D707140077B5D7 /* SingleImageViewController.swift in Sources */ = {isa = PBXBuildFile; fileRef = BE73A9EA29D707140077B5D7 /* SingleImageViewController.swift */; };
		BE78478329EF3353008FC484 /* OAuth2TokenStorage.swift in Sources */ = {isa = PBXBuildFile; fileRef = BE78478229EF3353008FC484 /* OAuth2TokenStorage.swift */; };
		BE7A6CE52A13C359006ED66E /* Array+Extension.swift in Sources */ = {isa = PBXBuildFile; fileRef = BE7A6CE42A13C359006ED66E /* Array+Extension.swift */; };
		BE86404529ED6B0800EBB14C /* AuthViewController.swift in Sources */ = {isa = PBXBuildFile; fileRef = BE86404429ED6B0800EBB14C /* AuthViewController.swift */; };
		BE86404829ED6D2D00EBB14C /* WebViewViewController.swift in Sources */ = {isa = PBXBuildFile; fileRef = BE86404729ED6D2D00EBB14C /* WebViewViewController.swift */; };
		BE86404B29EEC46600EBB14C /* OAuthTokenResponseBody.swift in Sources */ = {isa = PBXBuildFile; fileRef = BE86404A29EEC46600EBB14C /* OAuthTokenResponseBody.swift */; };
		BE86404D29EEC67000EBB14C /* OAuth2Service.swift in Sources */ = {isa = PBXBuildFile; fileRef = BE86404C29EEC67000EBB14C /* OAuth2Service.swift */; };
		BE8862622A20DE8A006FA06F /* AuthHelper.swift in Sources */ = {isa = PBXBuildFile; fileRef = BE8862612A20DE8A006FA06F /* AuthHelper.swift */; };
		BE88626A2A20FD68006FA06F /* WebViewTests.swift in Sources */ = {isa = PBXBuildFile; fileRef = BE8862692A20FD68006FA06F /* WebViewTests.swift */; };
		BE8862722A2105ED006FA06F /* WebViewPresenterSpy.swift in Sources */ = {isa = PBXBuildFile; fileRef = BE8862712A2105ED006FA06F /* WebViewPresenterSpy.swift */; };
		BE8862742A21068E006FA06F /* WebViewViewControllerSpy.swift in Sources */ = {isa = PBXBuildFile; fileRef = BE8862732A21068E006FA06F /* WebViewViewControllerSpy.swift */; };
		BEA19C3A2A0D903A00829F9A /* NetworkClient.swift in Sources */ = {isa = PBXBuildFile; fileRef = BEA19C392A0D903A00829F9A /* NetworkClient.swift */; };
		BEA19C412A0E87C000829F9A /* Kingfisher in Frameworks */ = {isa = PBXBuildFile; productRef = BEA19C402A0E87C000829F9A /* Kingfisher */; };
		BEA19C442A0EA04300829F9A /* SwiftKeychainWrapper in Frameworks */ = {isa = PBXBuildFile; productRef = BEA19C432A0EA04300829F9A /* SwiftKeychainWrapper */; };
		BEA19C462A0EB38C00829F9A /* TabBarController.swift in Sources */ = {isa = PBXBuildFile; fileRef = BEA19C452A0EB38C00829F9A /* TabBarController.swift */; };
		BEA19C4A2A10EA0600829F9A /* ImagesStructures.swift in Sources */ = {isa = PBXBuildFile; fileRef = BEA19C492A10EA0600829F9A /* ImagesStructures.swift */; };
		BEA553DE29DB0600001A1BA5 /* Images.swift in Sources */ = {isa = PBXBuildFile; fileRef = BEA553DD29DB0600001A1BA5 /* Images.swift */; };
		BEA553E029DB0629001A1BA5 /* UIView+Extension.swift in Sources */ = {isa = PBXBuildFile; fileRef = BEA553DF29DB0629001A1BA5 /* UIView+Extension.swift */; };
		BEA553E429DB1865001A1BA5 /* Color.swift in Sources */ = {isa = PBXBuildFile; fileRef = BEA553E329DB1865001A1BA5 /* Color.swift */; };
		BEA553E629DB18CA001A1BA5 /* UIColor+Extension.swift in Sources */ = {isa = PBXBuildFile; fileRef = BEA553E529DB18CA001A1BA5 /* UIColor+Extension.swift */; };
		BEB1C3922A0142F0007FA345 /* UIBlockingProgressHUD.swift in Sources */ = {isa = PBXBuildFile; fileRef = BEB1C3912A0142F0007FA345 /* UIBlockingProgressHUD.swift */; };
		BEB1C3942A0191EE007FA345 /* ProfileService.swift in Sources */ = {isa = PBXBuildFile; fileRef = BEB1C3932A0191EE007FA345 /* ProfileService.swift */; };
		BEB1C3982A019D3A007FA345 /* URLRequest+Extension.swift in Sources */ = {isa = PBXBuildFile; fileRef = BEB1C3972A019D3A007FA345 /* URLRequest+Extension.swift */; };
		BED33E4A29FA9190002077AA /* ProgressHUD in Frameworks */ = {isa = PBXBuildFile; productRef = BED33E4929FA9190002077AA /* ProgressHUD */; };
		BED48BB62A1FA55600B2B215 /* WebViewPresenter.swift in Sources */ = {isa = PBXBuildFile; fileRef = BED48BB52A1FA55600B2B215 /* WebViewPresenter.swift */; };
		BEDAED2429C367D0005BBF34 /* AppDelegate.swift in Sources */ = {isa = PBXBuildFile; fileRef = BEDAED2329C367D0005BBF34 /* AppDelegate.swift */; };
		BEDAED2629C367D0005BBF34 /* SceneDelegate.swift in Sources */ = {isa = PBXBuildFile; fileRef = BEDAED2529C367D0005BBF34 /* SceneDelegate.swift */; };
		BEDAED2829C367D0005BBF34 /* ImagesListViewController.swift in Sources */ = {isa = PBXBuildFile; fileRef = BEDAED2729C367D0005BBF34 /* ImagesListViewController.swift */; };
		BEDAED2B29C367D0005BBF34 /* Main.storyboard in Resources */ = {isa = PBXBuildFile; fileRef = BEDAED2929C367D0005BBF34 /* Main.storyboard */; };
		BEDAED2D29C367D2005BBF34 /* Assets.xcassets in Resources */ = {isa = PBXBuildFile; fileRef = BEDAED2C29C367D2005BBF34 /* Assets.xcassets */; };
		BEDAED3029C367D2005BBF34 /* LaunchScreen.storyboard in Resources */ = {isa = PBXBuildFile; fileRef = BEDAED2E29C367D2005BBF34 /* LaunchScreen.storyboard */; };
		BEE2C1822A0D8090001BB3E9 /* URLSession+Extension.swift in Sources */ = {isa = PBXBuildFile; fileRef = BEE2C1812A0D8090001BB3E9 /* URLSession+Extension.swift */; };
		BEF3467B2A125AD500A84919 /* ImagesListService.swift in Sources */ = {isa = PBXBuildFile; fileRef = BEF3467A2A125AD500A84919 /* ImagesListService.swift */; };
/* End PBXBuildFile section */

/* Begin PBXContainerItemProxy section */
		BE88626B2A20FD68006FA06F /* PBXContainerItemProxy */ = {
			isa = PBXContainerItemProxy;
			containerPortal = BEDAED1829C367D0005BBF34 /* Project object */;
			proxyType = 1;
			remoteGlobalIDString = BEDAED1F29C367D0005BBF34;
			remoteInfo = ImageFeed;
		};
/* End PBXContainerItemProxy section */

/* Begin PBXFileReference section */
		BE11768929D594ED005BCA22 /* ProfileViewController.swift */ = {isa = PBXFileReference; lastKnownFileType = sourcecode.swift; path = ProfileViewController.swift; sourceTree = "<group>"; };
		BE17CB732A25FB0C006E50C3 /* ProfileTests.swift */ = {isa = PBXFileReference; lastKnownFileType = sourcecode.swift; path = ProfileTests.swift; sourceTree = "<group>"; };
		BE17CB762A25FB58006E50C3 /* ProfilePresenter.swift */ = {isa = PBXFileReference; lastKnownFileType = sourcecode.swift; path = ProfilePresenter.swift; sourceTree = "<group>"; };
		BE332AB229F03CA3005C8D5E /* SplashViewController.swift */ = {isa = PBXFileReference; lastKnownFileType = sourcecode.swift; path = SplashViewController.swift; sourceTree = "<group>"; };
		BE3826662A02E03100F27437 /* ProfileImageService.swift */ = {isa = PBXFileReference; lastKnownFileType = sourcecode.swift; path = ProfileImageService.swift; sourceTree = "<group>"; };
		BE3826682A02E0C800F27437 /* ProfileStructures.swift */ = {isa = PBXFileReference; lastKnownFileType = sourcecode.swift; path = ProfileStructures.swift; sourceTree = "<group>"; };
		BE3B4EF829E857C30068897B /* AuthConfiguration.swift */ = {isa = PBXFileReference; lastKnownFileType = sourcecode.swift; path = AuthConfiguration.swift; sourceTree = "<group>"; };
		BE46CEA229C4A6CE00960344 /* ImagesListCell.swift */ = {isa = PBXFileReference; lastKnownFileType = sourcecode.swift; path = ImagesListCell.swift; sourceTree = "<group>"; };
		BE73A9EA29D707140077B5D7 /* SingleImageViewController.swift */ = {isa = PBXFileReference; lastKnownFileType = sourcecode.swift; path = SingleImageViewController.swift; sourceTree = "<group>"; };
		BE78478229EF3353008FC484 /* OAuth2TokenStorage.swift */ = {isa = PBXFileReference; lastKnownFileType = sourcecode.swift; path = OAuth2TokenStorage.swift; sourceTree = "<group>"; };
		BE7A6CE42A13C359006ED66E /* Array+Extension.swift */ = {isa = PBXFileReference; lastKnownFileType = sourcecode.swift; path = "Array+Extension.swift"; sourceTree = "<group>"; };
		BE86404429ED6B0800EBB14C /* AuthViewController.swift */ = {isa = PBXFileReference; lastKnownFileType = sourcecode.swift; path = AuthViewController.swift; sourceTree = "<group>"; };
		BE86404729ED6D2D00EBB14C /* WebViewViewController.swift */ = {isa = PBXFileReference; lastKnownFileType = sourcecode.swift; path = WebViewViewController.swift; sourceTree = "<group>"; };
		BE86404A29EEC46600EBB14C /* OAuthTokenResponseBody.swift */ = {isa = PBXFileReference; lastKnownFileType = sourcecode.swift; path = OAuthTokenResponseBody.swift; sourceTree = "<group>"; };
		BE86404C29EEC67000EBB14C /* OAuth2Service.swift */ = {isa = PBXFileReference; lastKnownFileType = sourcecode.swift; path = OAuth2Service.swift; sourceTree = "<group>"; };
		BE8862612A20DE8A006FA06F /* AuthHelper.swift */ = {isa = PBXFileReference; lastKnownFileType = sourcecode.swift; path = AuthHelper.swift; sourceTree = "<group>"; };
		BE8862672A20FD68006FA06F /* ImageFeedTests.xctest */ = {isa = PBXFileReference; explicitFileType = wrapper.cfbundle; includeInIndex = 0; path = ImageFeedTests.xctest; sourceTree = BUILT_PRODUCTS_DIR; };
		BE8862692A20FD68006FA06F /* WebViewTests.swift */ = {isa = PBXFileReference; lastKnownFileType = sourcecode.swift; path = WebViewTests.swift; sourceTree = "<group>"; };
		BE8862712A2105ED006FA06F /* WebViewPresenterSpy.swift */ = {isa = PBXFileReference; lastKnownFileType = sourcecode.swift; path = WebViewPresenterSpy.swift; sourceTree = "<group>"; };
		BE8862732A21068E006FA06F /* WebViewViewControllerSpy.swift */ = {isa = PBXFileReference; lastKnownFileType = sourcecode.swift; path = WebViewViewControllerSpy.swift; sourceTree = "<group>"; };
		BEA19C392A0D903A00829F9A /* NetworkClient.swift */ = {isa = PBXFileReference; lastKnownFileType = sourcecode.swift; path = NetworkClient.swift; sourceTree = "<group>"; };
		BEA19C452A0EB38C00829F9A /* TabBarController.swift */ = {isa = PBXFileReference; lastKnownFileType = sourcecode.swift; path = TabBarController.swift; sourceTree = "<group>"; };
		BEA19C492A10EA0600829F9A /* ImagesStructures.swift */ = {isa = PBXFileReference; lastKnownFileType = sourcecode.swift; path = ImagesStructures.swift; sourceTree = "<group>"; };
		BEA553DD29DB0600001A1BA5 /* Images.swift */ = {isa = PBXFileReference; lastKnownFileType = sourcecode.swift; path = Images.swift; sourceTree = "<group>"; };
		BEA553DF29DB0629001A1BA5 /* UIView+Extension.swift */ = {isa = PBXFileReference; lastKnownFileType = sourcecode.swift; path = "UIView+Extension.swift"; sourceTree = "<group>"; };
		BEA553E329DB1865001A1BA5 /* Color.swift */ = {isa = PBXFileReference; lastKnownFileType = sourcecode.swift; path = Color.swift; sourceTree = "<group>"; };
		BEA553E529DB18CA001A1BA5 /* UIColor+Extension.swift */ = {isa = PBXFileReference; lastKnownFileType = sourcecode.swift; path = "UIColor+Extension.swift"; sourceTree = "<group>"; };
		BEB1C3912A0142F0007FA345 /* UIBlockingProgressHUD.swift */ = {isa = PBXFileReference; lastKnownFileType = sourcecode.swift; path = UIBlockingProgressHUD.swift; sourceTree = "<group>"; };
		BEB1C3932A0191EE007FA345 /* ProfileService.swift */ = {isa = PBXFileReference; lastKnownFileType = sourcecode.swift; path = ProfileService.swift; sourceTree = "<group>"; };
		BEB1C3972A019D3A007FA345 /* URLRequest+Extension.swift */ = {isa = PBXFileReference; lastKnownFileType = sourcecode.swift; path = "URLRequest+Extension.swift"; sourceTree = "<group>"; };
		BED48BB52A1FA55600B2B215 /* WebViewPresenter.swift */ = {isa = PBXFileReference; lastKnownFileType = sourcecode.swift; path = WebViewPresenter.swift; sourceTree = "<group>"; };
		BEDAED2029C367D0005BBF34 /* ImageFeed.app */ = {isa = PBXFileReference; explicitFileType = wrapper.application; includeInIndex = 0; path = ImageFeed.app; sourceTree = BUILT_PRODUCTS_DIR; };
		BEDAED2329C367D0005BBF34 /* AppDelegate.swift */ = {isa = PBXFileReference; lastKnownFileType = sourcecode.swift; path = AppDelegate.swift; sourceTree = "<group>"; };
		BEDAED2529C367D0005BBF34 /* SceneDelegate.swift */ = {isa = PBXFileReference; lastKnownFileType = sourcecode.swift; path = SceneDelegate.swift; sourceTree = "<group>"; };
		BEDAED2729C367D0005BBF34 /* ImagesListViewController.swift */ = {isa = PBXFileReference; lastKnownFileType = sourcecode.swift; path = ImagesListViewController.swift; sourceTree = "<group>"; };
		BEDAED2A29C367D0005BBF34 /* Base */ = {isa = PBXFileReference; lastKnownFileType = file.storyboard; name = Base; path = Base.lproj/Main.storyboard; sourceTree = "<group>"; };
		BEDAED2C29C367D2005BBF34 /* Assets.xcassets */ = {isa = PBXFileReference; lastKnownFileType = folder.assetcatalog; path = Assets.xcassets; sourceTree = "<group>"; };
		BEDAED2F29C367D2005BBF34 /* Base */ = {isa = PBXFileReference; lastKnownFileType = file.storyboard; name = Base; path = Base.lproj/LaunchScreen.storyboard; sourceTree = "<group>"; };
		BEDAED3129C367D2005BBF34 /* Info.plist */ = {isa = PBXFileReference; lastKnownFileType = text.plist.xml; path = Info.plist; sourceTree = "<group>"; };
		BEE2C1812A0D8090001BB3E9 /* URLSession+Extension.swift */ = {isa = PBXFileReference; lastKnownFileType = sourcecode.swift; path = "URLSession+Extension.swift"; sourceTree = "<group>"; };
		BEF3467A2A125AD500A84919 /* ImagesListService.swift */ = {isa = PBXFileReference; fileEncoding = 4; lastKnownFileType = sourcecode.swift; path = ImagesListService.swift; sourceTree = "<group>"; };
/* End PBXFileReference section */

/* Begin PBXFrameworksBuildPhase section */
		BE8862642A20FD68006FA06F /* Frameworks */ = {
			isa = PBXFrameworksBuildPhase;
			buildActionMask = 2147483647;
			files = (
			);
			runOnlyForDeploymentPostprocessing = 0;
		};
		BEDAED1D29C367D0005BBF34 /* Frameworks */ = {
			isa = PBXFrameworksBuildPhase;
			buildActionMask = 2147483647;
			files = (
				BEA19C412A0E87C000829F9A /* Kingfisher in Frameworks */,
				BED33E4A29FA9190002077AA /* ProgressHUD in Frameworks */,
				BEA19C442A0EA04300829F9A /* SwiftKeychainWrapper in Frameworks */,
			);
			runOnlyForDeploymentPostprocessing = 0;
		};
/* End PBXFrameworksBuildPhase section */

/* Begin PBXGroup section */
		BE17CB752A25FB14006E50C3 /* ProfileTests */ = {
			isa = PBXGroup;
			children = (
				BE17CB732A25FB0C006E50C3 /* ProfileTests.swift */,
			);
			path = ProfileTests;
			sourceTree = "<group>";
		};
		BE332AB029F03C68005C8D5E /* Screens */ = {
			isa = PBXGroup;
			children = (
				BEA19C452A0EB38C00829F9A /* TabBarController.swift */,
				BE332AB129F03C8D005C8D5E /* Splash */,
				BE86404629ED6B1100EBB14C /* Auth */,
				BEBC6E0B29D709ED000228F3 /* Profile */,
				BEBC6E0A29D709D6000228F3 /* ImageList */,
				BEBC6E0C29D709F7000228F3 /* SingleImageView */,
			);
			path = Screens;
			sourceTree = "<group>";
		};
		BE332AB129F03C8D005C8D5E /* Splash */ = {
			isa = PBXGroup;
			children = (
				BE332AB229F03CA3005C8D5E /* SplashViewController.swift */,
			);
			path = Splash;
			sourceTree = "<group>";
		};
		BE332AB429F08278005C8D5E /* ServiceAccessLayer */ = {
			isa = PBXGroup;
			children = (
				BE86404C29EEC67000EBB14C /* OAuth2Service.swift */,
				BE86404A29EEC46600EBB14C /* OAuthTokenResponseBody.swift */,
				BE78478229EF3353008FC484 /* OAuth2TokenStorage.swift */,
			);
			path = ServiceAccessLayer;
			sourceTree = "<group>";
		};
		BE86404629ED6B1100EBB14C /* Auth */ = {
			isa = PBXGroup;
			children = (
				BE332AB429F08278005C8D5E /* ServiceAccessLayer */,
				BE86404429ED6B0800EBB14C /* AuthViewController.swift */,
				BE86404729ED6D2D00EBB14C /* WebViewViewController.swift */,
				BED48BB52A1FA55600B2B215 /* WebViewPresenter.swift */,
			);
			path = Auth;
			sourceTree = "<group>";
		};
		BE8862682A20FD68006FA06F /* ImageFeedTests */ = {
			isa = PBXGroup;
			children = (
				BE8862702A2105A9006FA06F /* WebViewTests */,
				BE17CB752A25FB14006E50C3 /* ProfileTests */,
			);
			path = ImageFeedTests;
			sourceTree = "<group>";
		};
		BE8862702A2105A9006FA06F /* WebViewTests */ = {
			isa = PBXGroup;
			children = (
				BE8862692A20FD68006FA06F /* WebViewTests.swift */,
				BE8862712A2105ED006FA06F /* WebViewPresenterSpy.swift */,
				BE8862732A21068E006FA06F /* WebViewViewControllerSpy.swift */,
			);
			path = WebViewTests;
			sourceTree = "<group>";
		};
		BEA19C3B2A0D903F00829F9A /* Network */ = {
			isa = PBXGroup;
			children = (
				BEA19C392A0D903A00829F9A /* NetworkClient.swift */,
			);
			path = Network;
			sourceTree = "<group>";
		};
		BEA553DA29DB0557001A1BA5 /* Application */ = {
			isa = PBXGroup;
			children = (
				BEDAED2329C367D0005BBF34 /* AppDelegate.swift */,
				BEDAED2529C367D0005BBF34 /* SceneDelegate.swift */,
			);
			path = Application;
			sourceTree = "<group>";
		};
		BEA553DB29DB05C0001A1BA5 /* Storyboards */ = {
			isa = PBXGroup;
			children = (
				BEDAED2929C367D0005BBF34 /* Main.storyboard */,
				BEDAED2E29C367D2005BBF34 /* LaunchScreen.storyboard */,
			);
			path = Storyboards;
			sourceTree = "<group>";
		};
		BEA553DC29DB05D5001A1BA5 /* Resources */ = {
			isa = PBXGroup;
			children = (
				BE3B4EF829E857C30068897B /* AuthConfiguration.swift */,
				BEA553DD29DB0600001A1BA5 /* Images.swift */,
				BEA553E329DB1865001A1BA5 /* Color.swift */,
				BEDAED2C29C367D2005BBF34 /* Assets.xcassets */,
				BEDAED3129C367D2005BBF34 /* Info.plist */,
			);
			path = Resources;
			sourceTree = "<group>";
		};
		BEA553E229DB0648001A1BA5 /* Extensions */ = {
			isa = PBXGroup;
			children = (
				BEA553E529DB18CA001A1BA5 /* UIColor+Extension.swift */,
				BEA553DF29DB0629001A1BA5 /* UIView+Extension.swift */,
				BEB1C3972A019D3A007FA345 /* URLRequest+Extension.swift */,
				BEE2C1812A0D8090001BB3E9 /* URLSession+Extension.swift */,
				BE7A6CE42A13C359006ED66E /* Array+Extension.swift */,
			);
			name = Extensions;
			path = "UIKit+Extension";
			sourceTree = "<group>";
		};
		BEB1C3902A0142DB007FA345 /* Helpers */ = {
			isa = PBXGroup;
			children = (
				BEB1C3912A0142F0007FA345 /* UIBlockingProgressHUD.swift */,
				BE8862612A20DE8A006FA06F /* AuthHelper.swift */,
			);
			path = Helpers;
			sourceTree = "<group>";
		};
		BEBC6E0A29D709D6000228F3 /* ImageList */ = {
			isa = PBXGroup;
			children = (
				BEF3467A2A125AD500A84919 /* ImagesListService.swift */,
				BEA19C492A10EA0600829F9A /* ImagesStructures.swift */,
				BE46CEA229C4A6CE00960344 /* ImagesListCell.swift */,
				BEDAED2729C367D0005BBF34 /* ImagesListViewController.swift */,
			);
			path = ImageList;
			sourceTree = "<group>";
		};
		BEBC6E0B29D709ED000228F3 /* Profile */ = {
			isa = PBXGroup;
			children = (
				BEB1C3932A0191EE007FA345 /* ProfileService.swift */,
				BE3826662A02E03100F27437 /* ProfileImageService.swift */,
				BE3826682A02E0C800F27437 /* ProfileStructures.swift */,
				BE11768929D594ED005BCA22 /* ProfileViewController.swift */,
				BE17CB762A25FB58006E50C3 /* ProfilePresenter.swift */,
			);
			path = Profile;
			sourceTree = "<group>";
		};
		BEBC6E0C29D709F7000228F3 /* SingleImageView */ = {
			isa = PBXGroup;
			children = (
				BE73A9EA29D707140077B5D7 /* SingleImageViewController.swift */,
			);
			path = SingleImageView;
			sourceTree = "<group>";
		};
		BEDAED1729C367D0005BBF34 = {
			isa = PBXGroup;
			children = (
				BEDAED2229C367D0005BBF34 /* ImageFeed */,
				BE8862682A20FD68006FA06F /* ImageFeedTests */,
				BEDAED2129C367D0005BBF34 /* Products */,
			);
			sourceTree = "<group>";
		};
		BEDAED2129C367D0005BBF34 /* Products */ = {
			isa = PBXGroup;
			children = (
				BEDAED2029C367D0005BBF34 /* ImageFeed.app */,
				BE8862672A20FD68006FA06F /* ImageFeedTests.xctest */,
			);
			name = Products;
			sourceTree = "<group>";
		};
		BEDAED2229C367D0005BBF34 /* ImageFeed */ = {
			isa = PBXGroup;
			children = (
				BEA553DA29DB0557001A1BA5 /* Application */,
				BEA19C3B2A0D903F00829F9A /* Network */,
				BE332AB029F03C68005C8D5E /* Screens */,
				BEA553DB29DB05C0001A1BA5 /* Storyboards */,
				BEA553DC29DB05D5001A1BA5 /* Resources */,
				BEB1C3902A0142DB007FA345 /* Helpers */,
				BEA553E229DB0648001A1BA5 /* Extensions */,
			);
			path = ImageFeed;
			sourceTree = "<group>";
		};
/* End PBXGroup section */

/* Begin PBXNativeTarget section */
		BE8862662A20FD68006FA06F /* ImageFeedTests */ = {
			isa = PBXNativeTarget;
			buildConfigurationList = BE88626D2A20FD68006FA06F /* Build configuration list for PBXNativeTarget "ImageFeedTests" */;
			buildPhases = (
				BE8862632A20FD68006FA06F /* Sources */,
				BE8862642A20FD68006FA06F /* Frameworks */,
				BE8862652A20FD68006FA06F /* Resources */,
			);
			buildRules = (
			);
			dependencies = (
				BE88626C2A20FD68006FA06F /* PBXTargetDependency */,
			);
			name = ImageFeedTests;
			productName = ImageFeedTests;
			productReference = BE8862672A20FD68006FA06F /* ImageFeedTests.xctest */;
			productType = "com.apple.product-type.bundle.unit-test";
		};
		BEDAED1F29C367D0005BBF34 /* ImageFeed */ = {
			isa = PBXNativeTarget;
			buildConfigurationList = BEDAED3429C367D2005BBF34 /* Build configuration list for PBXNativeTarget "ImageFeed" */;
			buildPhases = (
				BEDAED1C29C367D0005BBF34 /* Sources */,
				BEDAED1D29C367D0005BBF34 /* Frameworks */,
				BEDAED1E29C367D0005BBF34 /* Resources */,
			);
			buildRules = (
			);
			dependencies = (
			);
			name = ImageFeed;
			packageProductDependencies = (
				BED33E4929FA9190002077AA /* ProgressHUD */,
				BEA19C402A0E87C000829F9A /* Kingfisher */,
				BEA19C432A0EA04300829F9A /* SwiftKeychainWrapper */,
			);
			productName = ImageFeed;
			productReference = BEDAED2029C367D0005BBF34 /* ImageFeed.app */;
			productType = "com.apple.product-type.application";
		};
/* End PBXNativeTarget section */

/* Begin PBXProject section */
		BEDAED1829C367D0005BBF34 /* Project object */ = {
			isa = PBXProject;
			attributes = {
				BuildIndependentTargetsInParallel = 1;
				LastSwiftUpdateCheck = 1430;
				LastUpgradeCheck = 1420;
				TargetAttributes = {
					BE8862662A20FD68006FA06F = {
						CreatedOnToolsVersion = 14.3;
						TestTargetID = BEDAED1F29C367D0005BBF34;
					};
					BEDAED1F29C367D0005BBF34 = {
						CreatedOnToolsVersion = 14.2;
					};
				};
			};
			buildConfigurationList = BEDAED1B29C367D0005BBF34 /* Build configuration list for PBXProject "ImageFeed" */;
			compatibilityVersion = "Xcode 14.0";
			developmentRegion = en;
			hasScannedForEncodings = 0;
			knownRegions = (
				en,
				Base,
			);
			mainGroup = BEDAED1729C367D0005BBF34;
			packageReferences = (
				BED33E4829FA9190002077AA /* XCRemoteSwiftPackageReference "ProgressHUD" */,
				BEA19C3F2A0E87C000829F9A /* XCRemoteSwiftPackageReference "Kingfisher" */,
				BEA19C422A0EA04300829F9A /* XCRemoteSwiftPackageReference "SwiftKeychainWrapper" */,
			);
			productRefGroup = BEDAED2129C367D0005BBF34 /* Products */;
			projectDirPath = "";
			projectRoot = "";
			targets = (
				BEDAED1F29C367D0005BBF34 /* ImageFeed */,
				BE8862662A20FD68006FA06F /* ImageFeedTests */,
			);
		};
/* End PBXProject section */

/* Begin PBXResourcesBuildPhase section */
		BE8862652A20FD68006FA06F /* Resources */ = {
			isa = PBXResourcesBuildPhase;
			buildActionMask = 2147483647;
			files = (
			);
			runOnlyForDeploymentPostprocessing = 0;
		};
		BEDAED1E29C367D0005BBF34 /* Resources */ = {
			isa = PBXResourcesBuildPhase;
			buildActionMask = 2147483647;
			files = (
				BEDAED3029C367D2005BBF34 /* LaunchScreen.storyboard in Resources */,
				BEDAED2D29C367D2005BBF34 /* Assets.xcassets in Resources */,
				BEDAED2B29C367D0005BBF34 /* Main.storyboard in Resources */,
			);
			runOnlyForDeploymentPostprocessing = 0;
		};
/* End PBXResourcesBuildPhase section */

/* Begin PBXSourcesBuildPhase section */
		BE8862632A20FD68006FA06F /* Sources */ = {
			isa = PBXSourcesBuildPhase;
			buildActionMask = 2147483647;
			files = (
				BE88626A2A20FD68006FA06F /* WebViewTests.swift in Sources */,
				BE17CB742A25FB0C006E50C3 /* ProfileTests.swift in Sources */,
				BE8862742A21068E006FA06F /* WebViewViewControllerSpy.swift in Sources */,
				BE8862722A2105ED006FA06F /* WebViewPresenterSpy.swift in Sources */,
			);
			runOnlyForDeploymentPostprocessing = 0;
		};
		BEDAED1C29C367D0005BBF34 /* Sources */ = {
			isa = PBXSourcesBuildPhase;
			buildActionMask = 2147483647;
			files = (
				BEA553DE29DB0600001A1BA5 /* Images.swift in Sources */,
				BE7A6CE52A13C359006ED66E /* Array+Extension.swift in Sources */,
				BEA19C462A0EB38C00829F9A /* TabBarController.swift in Sources */,
				BEB1C3982A019D3A007FA345 /* URLRequest+Extension.swift in Sources */,
				BE3B4EF929E857C30068897B /* AuthConfiguration.swift in Sources */,
				BEDAED2829C367D0005BBF34 /* ImagesListViewController.swift in Sources */,
				BE332AB329F03CA3005C8D5E /* SplashViewController.swift in Sources */,
				BE86404829ED6D2D00EBB14C /* WebViewViewController.swift in Sources */,
				BEA553E029DB0629001A1BA5 /* UIView+Extension.swift in Sources */,
				BE86404529ED6B0800EBB14C /* AuthViewController.swift in Sources */,
				BED48BB62A1FA55600B2B215 /* WebViewPresenter.swift in Sources */,
				BE46CEA329C4A6CE00960344 /* ImagesListCell.swift in Sources */,
				BE11768A29D594ED005BCA22 /* ProfileViewController.swift in Sources */,
				BE86404D29EEC67000EBB14C /* OAuth2Service.swift in Sources */,
				BEDAED2429C367D0005BBF34 /* AppDelegate.swift in Sources */,
				BE86404B29EEC46600EBB14C /* OAuthTokenResponseBody.swift in Sources */,
				BE73A9EB29D707140077B5D7 /* SingleImageViewController.swift in Sources */,
				BEA19C4A2A10EA0600829F9A /* ImagesStructures.swift in Sources */,
				BE78478329EF3353008FC484 /* OAuth2TokenStorage.swift in Sources */,
				BE3826672A02E03100F27437 /* ProfileImageService.swift in Sources */,
				BEB1C3942A0191EE007FA345 /* ProfileService.swift in Sources */,
				BEDAED2629C367D0005BBF34 /* SceneDelegate.swift in Sources */,
				BEA553E429DB1865001A1BA5 /* Color.swift in Sources */,
				BEE2C1822A0D8090001BB3E9 /* URLSession+Extension.swift in Sources */,
				BE3826692A02E0C800F27437 /* ProfileStructures.swift in Sources */,
				BE17CB772A25FB58006E50C3 /* ProfilePresenter.swift in Sources */,
				BEA553E629DB18CA001A1BA5 /* UIColor+Extension.swift in Sources */,
				BEF3467B2A125AD500A84919 /* ImagesListService.swift in Sources */,
				BEB1C3922A0142F0007FA345 /* UIBlockingProgressHUD.swift in Sources */,
				BE8862622A20DE8A006FA06F /* AuthHelper.swift in Sources */,
				BEA19C3A2A0D903A00829F9A /* NetworkClient.swift in Sources */,
			);
			runOnlyForDeploymentPostprocessing = 0;
		};
/* End PBXSourcesBuildPhase section */

/* Begin PBXTargetDependency section */
		BE88626C2A20FD68006FA06F /* PBXTargetDependency */ = {
			isa = PBXTargetDependency;
			target = BEDAED1F29C367D0005BBF34 /* ImageFeed */;
			targetProxy = BE88626B2A20FD68006FA06F /* PBXContainerItemProxy */;
		};
/* End PBXTargetDependency section */

/* Begin PBXVariantGroup section */
		BEDAED2929C367D0005BBF34 /* Main.storyboard */ = {
			isa = PBXVariantGroup;
			children = (
				BEDAED2A29C367D0005BBF34 /* Base */,
			);
			name = Main.storyboard;
			sourceTree = "<group>";
		};
		BEDAED2E29C367D2005BBF34 /* LaunchScreen.storyboard */ = {
			isa = PBXVariantGroup;
			children = (
				BEDAED2F29C367D2005BBF34 /* Base */,
			);
			name = LaunchScreen.storyboard;
			sourceTree = "<group>";
		};
/* End PBXVariantGroup section */

/* Begin XCBuildConfiguration section */
		BE88626E2A20FD68006FA06F /* Debug */ = {
			isa = XCBuildConfiguration;
			buildSettings = {
				BUNDLE_LOADER = "$(TEST_HOST)";
				CODE_SIGN_STYLE = Automatic;
				CURRENT_PROJECT_VERSION = 1;
				DEVELOPMENT_TEAM = 3YZWNV863X;
				GENERATE_INFOPLIST_FILE = YES;
				IPHONEOS_DEPLOYMENT_TARGET = 13.0;
				MARKETING_VERSION = 1.0;
				PRODUCT_BUNDLE_IDENTIFIER = pavel.afanasiev.ImageFeedTests;
				PRODUCT_NAME = "$(TARGET_NAME)";
				SWIFT_EMIT_LOC_STRINGS = NO;
				SWIFT_VERSION = 5.0;
				TARGETED_DEVICE_FAMILY = "1,2";
				TEST_HOST = "$(BUILT_PRODUCTS_DIR)/ImageFeed.app/$(BUNDLE_EXECUTABLE_FOLDER_PATH)/ImageFeed";
			};
			name = Debug;
		};
		BE88626F2A20FD68006FA06F /* Release */ = {
			isa = XCBuildConfiguration;
			buildSettings = {
				BUNDLE_LOADER = "$(TEST_HOST)";
				CODE_SIGN_STYLE = Automatic;
				CURRENT_PROJECT_VERSION = 1;
				DEVELOPMENT_TEAM = 3YZWNV863X;
				GENERATE_INFOPLIST_FILE = YES;
				IPHONEOS_DEPLOYMENT_TARGET = 13.0;
				MARKETING_VERSION = 1.0;
				PRODUCT_BUNDLE_IDENTIFIER = pavel.afanasiev.ImageFeedTests;
				PRODUCT_NAME = "$(TARGET_NAME)";
				SWIFT_EMIT_LOC_STRINGS = NO;
				SWIFT_VERSION = 5.0;
				TARGETED_DEVICE_FAMILY = "1,2";
				TEST_HOST = "$(BUILT_PRODUCTS_DIR)/ImageFeed.app/$(BUNDLE_EXECUTABLE_FOLDER_PATH)/ImageFeed";
			};
			name = Release;
		};
		BEDAED3229C367D2005BBF34 /* Debug */ = {
			isa = XCBuildConfiguration;
			buildSettings = {
				ALWAYS_SEARCH_USER_PATHS = NO;
				CLANG_ANALYZER_NONNULL = YES;
				CLANG_ANALYZER_NUMBER_OBJECT_CONVERSION = YES_AGGRESSIVE;
				CLANG_CXX_LANGUAGE_STANDARD = "gnu++20";
				CLANG_ENABLE_MODULES = YES;
				CLANG_ENABLE_OBJC_ARC = YES;
				CLANG_ENABLE_OBJC_WEAK = YES;
				CLANG_WARN_BLOCK_CAPTURE_AUTORELEASING = YES;
				CLANG_WARN_BOOL_CONVERSION = YES;
				CLANG_WARN_COMMA = YES;
				CLANG_WARN_CONSTANT_CONVERSION = YES;
				CLANG_WARN_DEPRECATED_OBJC_IMPLEMENTATIONS = YES;
				CLANG_WARN_DIRECT_OBJC_ISA_USAGE = YES_ERROR;
				CLANG_WARN_DOCUMENTATION_COMMENTS = YES;
				CLANG_WARN_EMPTY_BODY = YES;
				CLANG_WARN_ENUM_CONVERSION = YES;
				CLANG_WARN_INFINITE_RECURSION = YES;
				CLANG_WARN_INT_CONVERSION = YES;
				CLANG_WARN_NON_LITERAL_NULL_CONVERSION = YES;
				CLANG_WARN_OBJC_IMPLICIT_RETAIN_SELF = YES;
				CLANG_WARN_OBJC_LITERAL_CONVERSION = YES;
				CLANG_WARN_OBJC_ROOT_CLASS = YES_ERROR;
				CLANG_WARN_QUOTED_INCLUDE_IN_FRAMEWORK_HEADER = YES;
				CLANG_WARN_RANGE_LOOP_ANALYSIS = YES;
				CLANG_WARN_STRICT_PROTOTYPES = YES;
				CLANG_WARN_SUSPICIOUS_MOVE = YES;
				CLANG_WARN_UNGUARDED_AVAILABILITY = YES_AGGRESSIVE;
				CLANG_WARN_UNREACHABLE_CODE = YES;
				CLANG_WARN__DUPLICATE_METHOD_MATCH = YES;
				COPY_PHASE_STRIP = NO;
				DEBUG_INFORMATION_FORMAT = dwarf;
				ENABLE_STRICT_OBJC_MSGSEND = YES;
				ENABLE_TESTABILITY = YES;
				GCC_C_LANGUAGE_STANDARD = gnu11;
				GCC_DYNAMIC_NO_PIC = NO;
				GCC_NO_COMMON_BLOCKS = YES;
				GCC_OPTIMIZATION_LEVEL = 0;
				GCC_PREPROCESSOR_DEFINITIONS = (
					"DEBUG=1",
					"$(inherited)",
				);
				GCC_WARN_64_TO_32_BIT_CONVERSION = YES;
				GCC_WARN_ABOUT_RETURN_TYPE = YES_ERROR;
				GCC_WARN_UNDECLARED_SELECTOR = YES;
				GCC_WARN_UNINITIALIZED_AUTOS = YES_AGGRESSIVE;
				GCC_WARN_UNUSED_FUNCTION = YES;
				GCC_WARN_UNUSED_VARIABLE = YES;
				IPHONEOS_DEPLOYMENT_TARGET = 13.0;
				MTL_ENABLE_DEBUG_INFO = INCLUDE_SOURCE;
				MTL_FAST_MATH = YES;
				ONLY_ACTIVE_ARCH = YES;
				SDKROOT = iphoneos;
				SWIFT_ACTIVE_COMPILATION_CONDITIONS = DEBUG;
				SWIFT_OPTIMIZATION_LEVEL = "-Onone";
			};
			name = Debug;
		};
		BEDAED3329C367D2005BBF34 /* Release */ = {
			isa = XCBuildConfiguration;
			buildSettings = {
				ALWAYS_SEARCH_USER_PATHS = NO;
				CLANG_ANALYZER_NONNULL = YES;
				CLANG_ANALYZER_NUMBER_OBJECT_CONVERSION = YES_AGGRESSIVE;
				CLANG_CXX_LANGUAGE_STANDARD = "gnu++20";
				CLANG_ENABLE_MODULES = YES;
				CLANG_ENABLE_OBJC_ARC = YES;
				CLANG_ENABLE_OBJC_WEAK = YES;
				CLANG_WARN_BLOCK_CAPTURE_AUTORELEASING = YES;
				CLANG_WARN_BOOL_CONVERSION = YES;
				CLANG_WARN_COMMA = YES;
				CLANG_WARN_CONSTANT_CONVERSION = YES;
				CLANG_WARN_DEPRECATED_OBJC_IMPLEMENTATIONS = YES;
				CLANG_WARN_DIRECT_OBJC_ISA_USAGE = YES_ERROR;
				CLANG_WARN_DOCUMENTATION_COMMENTS = YES;
				CLANG_WARN_EMPTY_BODY = YES;
				CLANG_WARN_ENUM_CONVERSION = YES;
				CLANG_WARN_INFINITE_RECURSION = YES;
				CLANG_WARN_INT_CONVERSION = YES;
				CLANG_WARN_NON_LITERAL_NULL_CONVERSION = YES;
				CLANG_WARN_OBJC_IMPLICIT_RETAIN_SELF = YES;
				CLANG_WARN_OBJC_LITERAL_CONVERSION = YES;
				CLANG_WARN_OBJC_ROOT_CLASS = YES_ERROR;
				CLANG_WARN_QUOTED_INCLUDE_IN_FRAMEWORK_HEADER = YES;
				CLANG_WARN_RANGE_LOOP_ANALYSIS = YES;
				CLANG_WARN_STRICT_PROTOTYPES = YES;
				CLANG_WARN_SUSPICIOUS_MOVE = YES;
				CLANG_WARN_UNGUARDED_AVAILABILITY = YES_AGGRESSIVE;
				CLANG_WARN_UNREACHABLE_CODE = YES;
				CLANG_WARN__DUPLICATE_METHOD_MATCH = YES;
				COPY_PHASE_STRIP = NO;
				DEBUG_INFORMATION_FORMAT = "dwarf-with-dsym";
				ENABLE_NS_ASSERTIONS = NO;
				ENABLE_STRICT_OBJC_MSGSEND = YES;
				GCC_C_LANGUAGE_STANDARD = gnu11;
				GCC_NO_COMMON_BLOCKS = YES;
				GCC_WARN_64_TO_32_BIT_CONVERSION = YES;
				GCC_WARN_ABOUT_RETURN_TYPE = YES_ERROR;
				GCC_WARN_UNDECLARED_SELECTOR = YES;
				GCC_WARN_UNINITIALIZED_AUTOS = YES_AGGRESSIVE;
				GCC_WARN_UNUSED_FUNCTION = YES;
				GCC_WARN_UNUSED_VARIABLE = YES;
				IPHONEOS_DEPLOYMENT_TARGET = 13.0;
				MTL_ENABLE_DEBUG_INFO = NO;
				MTL_FAST_MATH = YES;
				SDKROOT = iphoneos;
				SWIFT_COMPILATION_MODE = wholemodule;
				SWIFT_OPTIMIZATION_LEVEL = "-O";
				VALIDATE_PRODUCT = YES;
			};
			name = Release;
		};
		BEDAED3529C367D2005BBF34 /* Debug */ = {
			isa = XCBuildConfiguration;
			buildSettings = {
				ASSETCATALOG_COMPILER_APPICON_NAME = AppIcon;
				ASSETCATALOG_COMPILER_GLOBAL_ACCENT_COLOR_NAME = AccentColor;
				CODE_SIGN_STYLE = Automatic;
				CURRENT_PROJECT_VERSION = 1;
				DEVELOPMENT_TEAM = 3YZWNV863X;
				GENERATE_INFOPLIST_FILE = YES;
				INFOPLIST_FILE = ImageFeed/Resources/Info.plist;
				INFOPLIST_KEY_UIApplicationSupportsIndirectInputEvents = YES;
				INFOPLIST_KEY_UILaunchStoryboardName = LaunchScreen;
				INFOPLIST_KEY_UIMainStoryboardFile = Main;
				INFOPLIST_KEY_UIStatusBarHidden = YES;
				INFOPLIST_KEY_UIStatusBarStyle = "";
				INFOPLIST_KEY_UISupportedInterfaceOrientations = UIInterfaceOrientationPortrait;
				IPHONEOS_DEPLOYMENT_TARGET = 13.0;
				LD_RUNPATH_SEARCH_PATHS = (
					"$(inherited)",
					"@executable_path/Frameworks",
				);
				MARKETING_VERSION = 1.0;
				PRODUCT_BUNDLE_IDENTIFIER = pavel.afanasiev.ImageFeed;
				PRODUCT_NAME = "$(TARGET_NAME)";
				SUPPORTED_PLATFORMS = "iphoneos iphonesimulator";
				SUPPORTS_MACCATALYST = NO;
				SUPPORTS_MAC_DESIGNED_FOR_IPHONE_IPAD = YES;
				SWIFT_EMIT_LOC_STRINGS = YES;
				SWIFT_VERSION = 5.0;
				TARGETED_DEVICE_FAMILY = 1;
			};
			name = Debug;
		};
		BEDAED3629C367D2005BBF34 /* Release */ = {
			isa = XCBuildConfiguration;
			buildSettings = {
				ASSETCATALOG_COMPILER_APPICON_NAME = AppIcon;
				ASSETCATALOG_COMPILER_GLOBAL_ACCENT_COLOR_NAME = AccentColor;
				CODE_SIGN_STYLE = Automatic;
				CURRENT_PROJECT_VERSION = 1;
				DEVELOPMENT_TEAM = 3YZWNV863X;
				GENERATE_INFOPLIST_FILE = YES;
				INFOPLIST_FILE = ImageFeed/Resources/Info.plist;
				INFOPLIST_KEY_UIApplicationSupportsIndirectInputEvents = YES;
				INFOPLIST_KEY_UILaunchStoryboardName = LaunchScreen;
				INFOPLIST_KEY_UIMainStoryboardFile = Main;
				INFOPLIST_KEY_UIStatusBarHidden = YES;
				INFOPLIST_KEY_UIStatusBarStyle = "";
				INFOPLIST_KEY_UISupportedInterfaceOrientations = UIInterfaceOrientationPortrait;
				IPHONEOS_DEPLOYMENT_TARGET = 13.0;
				LD_RUNPATH_SEARCH_PATHS = (
					"$(inherited)",
					"@executable_path/Frameworks",
				);
				MARKETING_VERSION = 1.0;
				PRODUCT_BUNDLE_IDENTIFIER = pavel.afanasiev.ImageFeed;
				PRODUCT_NAME = "$(TARGET_NAME)";
				SUPPORTED_PLATFORMS = "iphoneos iphonesimulator";
				SUPPORTS_MACCATALYST = NO;
				SUPPORTS_MAC_DESIGNED_FOR_IPHONE_IPAD = YES;
				SWIFT_EMIT_LOC_STRINGS = YES;
				SWIFT_VERSION = 5.0;
				TARGETED_DEVICE_FAMILY = 1;
			};
			name = Release;
		};
/* End XCBuildConfiguration section */

/* Begin XCConfigurationList section */
		BE88626D2A20FD68006FA06F /* Build configuration list for PBXNativeTarget "ImageFeedTests" */ = {
			isa = XCConfigurationList;
			buildConfigurations = (
				BE88626E2A20FD68006FA06F /* Debug */,
				BE88626F2A20FD68006FA06F /* Release */,
			);
			defaultConfigurationIsVisible = 0;
			defaultConfigurationName = Release;
		};
		BEDAED1B29C367D0005BBF34 /* Build configuration list for PBXProject "ImageFeed" */ = {
			isa = XCConfigurationList;
			buildConfigurations = (
				BEDAED3229C367D2005BBF34 /* Debug */,
				BEDAED3329C367D2005BBF34 /* Release */,
			);
			defaultConfigurationIsVisible = 0;
			defaultConfigurationName = Release;
		};
		BEDAED3429C367D2005BBF34 /* Build configuration list for PBXNativeTarget "ImageFeed" */ = {
			isa = XCConfigurationList;
			buildConfigurations = (
				BEDAED3529C367D2005BBF34 /* Debug */,
				BEDAED3629C367D2005BBF34 /* Release */,
			);
			defaultConfigurationIsVisible = 0;
			defaultConfigurationName = Release;
		};
/* End XCConfigurationList section */

/* Begin XCRemoteSwiftPackageReference section */
		BEA19C3F2A0E87C000829F9A /* XCRemoteSwiftPackageReference "Kingfisher" */ = {
			isa = XCRemoteSwiftPackageReference;
			repositoryURL = "https://github.com/onevcat/Kingfisher";
			requirement = {
				kind = upToNextMajorVersion;
				minimumVersion = 7.0.0;
			};
		};
		BEA19C422A0EA04300829F9A /* XCRemoteSwiftPackageReference "SwiftKeychainWrapper" */ = {
			isa = XCRemoteSwiftPackageReference;
			repositoryURL = "https://github.com/jrendel/SwiftKeychainWrapper";
			requirement = {
				kind = upToNextMajorVersion;
				minimumVersion = 4.0.0;
			};
		};
		BED33E4829FA9190002077AA /* XCRemoteSwiftPackageReference "ProgressHUD" */ = {
			isa = XCRemoteSwiftPackageReference;
			repositoryURL = "https://github.com/relatedcode/ProgressHUD";
			requirement = {
				kind = exactVersion;
				version = 13.6.2;
			};
		};
/* End XCRemoteSwiftPackageReference section */

/* Begin XCSwiftPackageProductDependency section */
		BEA19C402A0E87C000829F9A /* Kingfisher */ = {
			isa = XCSwiftPackageProductDependency;
			package = BEA19C3F2A0E87C000829F9A /* XCRemoteSwiftPackageReference "Kingfisher" */;
			productName = Kingfisher;
		};
		BEA19C432A0EA04300829F9A /* SwiftKeychainWrapper */ = {
			isa = XCSwiftPackageProductDependency;
			package = BEA19C422A0EA04300829F9A /* XCRemoteSwiftPackageReference "SwiftKeychainWrapper" */;
			productName = SwiftKeychainWrapper;
		};
		BED33E4929FA9190002077AA /* ProgressHUD */ = {
			isa = XCSwiftPackageProductDependency;
			package = BED33E4829FA9190002077AA /* XCRemoteSwiftPackageReference "ProgressHUD" */;
			productName = ProgressHUD;
		};
/* End XCSwiftPackageProductDependency section */
	};
	rootObject = BEDAED1829C367D0005BBF34 /* Project object */;
}
